
Microsoft Visual Studio Solution File, Format Version 12.00
# Visual Studio Version 17
VisualStudioVersion = 17.10.35004.147
MinimumVisualStudioVersion = 10.0.40219.1
Project("{FAE04EC0-301F-11D3-BF4B-00C04F79EFBC}") = "Renomeador-de-Arquivos", "Renomeador-de-Arquivos\Renomeador-de-Arquivos.csproj", "{C363BE98-240A-4799-A09D-DE18A434C5CC}"
EndProject
Global
	GlobalSection(SolutionConfigurationPlatforms) = preSolution
		Debug|Any CPU = Debug|Any CPU
		Release|Any CPU = Release|Any CPU
	EndGlobalSection
	GlobalSection(ProjectConfigurationPlatforms) = postSolution
		{C363BE98-240A-4799-A09D-DE18A434C5CC}.Debug|Any CPU.ActiveCfg = Debug|Any CPU
		{C363BE98-240A-4799-A09D-DE18A434C5CC}.Debug|Any CPU.Build.0 = Debug|Any CPU
		{C363BE98-240A-4799-A09D-DE18A434C5CC}.Release|Any CPU.ActiveCfg = Release|Any CPU
		{C363BE98-240A-4799-A09D-DE18A434C5CC}.Release|Any CPU.Build.0 = Release|Any CPU
	EndGlobalSection
	GlobalSection(SolutionProperties) = preSolution
		HideSolutionNode = FALSE
	EndGlobalSection
	GlobalSection(ExtensibilityGlobals) = postSolution
		SolutionGuid = {CE07E524-8BC1-468C-B7AA-8ABC196C9BF3}
	EndGlobalSection
EndGlobal
